
Microsoft Visual Studio Solution File, Format Version 12.00
# Visual Studio 15
VisualStudioVersion = 15.0.27428.2011
MinimumVisualStudioVersion = 10.0.40219.1
Project("{2150E333-8FDC-42A3-9474-1A3956D46DE8}") = "TestsUnitaires", "TestsUnitaires", "{0C3F4253-A125-4C3F-8FB8-FE5C238201E4}"
EndProject
Project("{9A19103F-16F7-4668-BE54-9A1E7A4F7556}") = "Zeus.Test", "Zeus.Test\Zeus.Test.csproj", "{50A46F6B-FB9A-4739-B9D0-CF8FCA92F27E}"
EndProject
Project("{9A19103F-16F7-4668-BE54-9A1E7A4F7556}") = "WebAppServer", "WebAppServer\WebAppServer.csproj", "{E6193BE8-6566-44EB-825D-2E93F2CE04D5}"
EndProject
Project("{2150E333-8FDC-42A3-9474-1A3956D46DE8}") = "Server", "Server", "{C18CBF38-B3D2-409F-BFB6-5E0E81438279}"
	ProjectSection(SolutionItems) = preProject
		dockerfile = dockerfile
	EndProjectSection
EndProject
Project("{2150E333-8FDC-42A3-9474-1A3956D46DE8}") = "Client", "Client", "{809A703E-8B52-46D3-94F6-22EEF77B45E4}"
EndProject
Project("{9A19103F-16F7-4668-BE54-9A1E7A4F7556}") = "WebAppClient", "WebAppClient\WebAppClient.csproj", "{4BBD1C7F-07FE-4A86-A4C5-9073C1EB22E6}"
EndProject
Project("{FAE04EC0-301F-11D3-BF4B-00C04F79EFBC}") = "MoviesAutomate", "MoviesAutomate\MoviesAutomate.csproj", "{BBD832E2-8135-4249-8DE5-2A45CAA932E6}"
EndProject
Project("{9A19103F-16F7-4668-BE54-9A1E7A4F7556}") = "TMDbLib", "TMDbLib\TMDbLib.csproj", "{EABFF96E-9FDC-4957-B448-4459FA164D48}"
EndProject
Global
	GlobalSection(SolutionConfigurationPlatforms) = preSolution
		Debug|Any CPU = Debug|Any CPU
		Debug|x64 = Debug|x64
		Release|Any CPU = Release|Any CPU
		Release|x64 = Release|x64
	EndGlobalSection
	GlobalSection(ProjectConfigurationPlatforms) = postSolution
		{50A46F6B-FB9A-4739-B9D0-CF8FCA92F27E}.Debug|Any CPU.ActiveCfg = Debug|Any CPU
		{50A46F6B-FB9A-4739-B9D0-CF8FCA92F27E}.Debug|Any CPU.Build.0 = Debug|Any CPU
		{50A46F6B-FB9A-4739-B9D0-CF8FCA92F27E}.Debug|x64.ActiveCfg = Debug|Any CPU
		{50A46F6B-FB9A-4739-B9D0-CF8FCA92F27E}.Debug|x64.Build.0 = Debug|Any CPU
		{50A46F6B-FB9A-4739-B9D0-CF8FCA92F27E}.Release|Any CPU.ActiveCfg = Release|Any CPU
		{50A46F6B-FB9A-4739-B9D0-CF8FCA92F27E}.Release|Any CPU.Build.0 = Release|Any CPU
		{50A46F6B-FB9A-4739-B9D0-CF8FCA92F27E}.Release|x64.ActiveCfg = Release|Any CPU
		{50A46F6B-FB9A-4739-B9D0-CF8FCA92F27E}.Release|x64.Build.0 = Release|Any CPU
		{E6193BE8-6566-44EB-825D-2E93F2CE04D5}.Debug|Any CPU.ActiveCfg = Debug|Any CPU
		{E6193BE8-6566-44EB-825D-2E93F2CE04D5}.Debug|Any CPU.Build.0 = Debug|Any CPU
		{E6193BE8-6566-44EB-825D-2E93F2CE04D5}.Debug|x64.ActiveCfg = Debug|Any CPU
		{E6193BE8-6566-44EB-825D-2E93F2CE04D5}.Debug|x64.Build.0 = Debug|Any CPU
		{E6193BE8-6566-44EB-825D-2E93F2CE04D5}.Release|Any CPU.ActiveCfg = Release|Any CPU
		{E6193BE8-6566-44EB-825D-2E93F2CE04D5}.Release|Any CPU.Build.0 = Release|Any CPU
		{E6193BE8-6566-44EB-825D-2E93F2CE04D5}.Release|x64.ActiveCfg = Release|Any CPU
		{E6193BE8-6566-44EB-825D-2E93F2CE04D5}.Release|x64.Build.0 = Release|Any CPU
		{4BBD1C7F-07FE-4A86-A4C5-9073C1EB22E6}.Debug|Any CPU.ActiveCfg = Debug|Any CPU
		{4BBD1C7F-07FE-4A86-A4C5-9073C1EB22E6}.Debug|Any CPU.Build.0 = Debug|Any CPU
		{4BBD1C7F-07FE-4A86-A4C5-9073C1EB22E6}.Debug|x64.ActiveCfg = Debug|Any CPU
		{4BBD1C7F-07FE-4A86-A4C5-9073C1EB22E6}.Debug|x64.Build.0 = Debug|Any CPU
		{4BBD1C7F-07FE-4A86-A4C5-9073C1EB22E6}.Release|Any CPU.ActiveCfg = Release|Any CPU
		{4BBD1C7F-07FE-4A86-A4C5-9073C1EB22E6}.Release|Any CPU.Build.0 = Release|Any CPU
		{4BBD1C7F-07FE-4A86-A4C5-9073C1EB22E6}.Release|x64.ActiveCfg = Release|Any CPU
		{4BBD1C7F-07FE-4A86-A4C5-9073C1EB22E6}.Release|x64.Build.0 = Release|Any CPU
		{BBD832E2-8135-4249-8DE5-2A45CAA932E6}.Debug|Any CPU.ActiveCfg = Debug|Any CPU
		{BBD832E2-8135-4249-8DE5-2A45CAA932E6}.Debug|Any CPU.Build.0 = Debug|Any CPU
		{BBD832E2-8135-4249-8DE5-2A45CAA932E6}.Debug|x64.ActiveCfg = Debug|x64
		{BBD832E2-8135-4249-8DE5-2A45CAA932E6}.Debug|x64.Build.0 = Debug|x64
		{BBD832E2-8135-4249-8DE5-2A45CAA932E6}.Release|Any CPU.ActiveCfg = Release|Any CPU
		{BBD832E2-8135-4249-8DE5-2A45CAA932E6}.Release|Any CPU.Build.0 = Release|Any CPU
		{BBD832E2-8135-4249-8DE5-2A45CAA932E6}.Release|x64.ActiveCfg = Release|x64
		{BBD832E2-8135-4249-8DE5-2A45CAA932E6}.Release|x64.Build.0 = Release|x64
		{EABFF96E-9FDC-4957-B448-4459FA164D48}.Debug|Any CPU.ActiveCfg = Debug|Any CPU
		{EABFF96E-9FDC-4957-B448-4459FA164D48}.Debug|Any CPU.Build.0 = Debug|Any CPU
		{EABFF96E-9FDC-4957-B448-4459FA164D48}.Debug|x64.ActiveCfg = Debug|Any CPU
		{EABFF96E-9FDC-4957-B448-4459FA164D48}.Debug|x64.Build.0 = Debug|Any CPU
		{EABFF96E-9FDC-4957-B448-4459FA164D48}.Release|Any CPU.ActiveCfg = Release|Any CPU
		{EABFF96E-9FDC-4957-B448-4459FA164D48}.Release|Any CPU.Build.0 = Release|Any CPU
		{EABFF96E-9FDC-4957-B448-4459FA164D48}.Release|x64.ActiveCfg = Release|Any CPU
		{EABFF96E-9FDC-4957-B448-4459FA164D48}.Release|x64.Build.0 = Release|Any CPU
	EndGlobalSection
	GlobalSection(SolutionProperties) = preSolution
		HideSolutionNode = FALSE
	EndGlobalSection
	GlobalSection(NestedProjects) = preSolution
		{50A46F6B-FB9A-4739-B9D0-CF8FCA92F27E} = {0C3F4253-A125-4C3F-8FB8-FE5C238201E4}
		{E6193BE8-6566-44EB-825D-2E93F2CE04D5} = {C18CBF38-B3D2-409F-BFB6-5E0E81438279}
		{4BBD1C7F-07FE-4A86-A4C5-9073C1EB22E6} = {809A703E-8B52-46D3-94F6-22EEF77B45E4}
		{BBD832E2-8135-4249-8DE5-2A45CAA932E6} = {809A703E-8B52-46D3-94F6-22EEF77B45E4}
	EndGlobalSection
	GlobalSection(ExtensibilityGlobals) = postSolution
		SolutionGuid = {EDB09C17-9972-42EA-8C34-155BA4DE407F}
	EndGlobalSection
EndGlobal
