
Microsoft Visual Studio Solution File, Format Version 12.00
# Visual Studio Version 16
VisualStudioVersion = 16.0.30330.147
MinimumVisualStudioVersion = 10.0.40219.1
Project("{9A19103F-16F7-4668-BE54-9A1E7A4F7556}") = "BlazorZeus", "BlazorZeus\BlazorZeus.csproj", "{E6D2117C-CD39-42A4-B7EA-6A62B4CFD130}"
EndProject
Project("{2150E333-8FDC-42A3-9474-1A3956D46DE8}") = "_Shared", "_Shared", "{AF46E2B0-6575-49ED-A635-BCF758B5AC7B}"
EndProject
Project("{FAE04EC0-301F-11D3-BF4B-00C04F79EFBC}") = "ZeusCore", "ZeusCore\ZeusCore.csproj", "{E9BD90C5-5C41-47A6-AA90-B643F44014D7}"
EndProject
Global
	GlobalSection(SolutionConfigurationPlatforms) = preSolution
		Debug|Any CPU = Debug|Any CPU
		Release|Any CPU = Release|Any CPU
	EndGlobalSection
	GlobalSection(ProjectConfigurationPlatforms) = postSolution
		{E6D2117C-CD39-42A4-B7EA-6A62B4CFD130}.Debug|Any CPU.ActiveCfg = Debug|Any CPU
		{E6D2117C-CD39-42A4-B7EA-6A62B4CFD130}.Debug|Any CPU.Build.0 = Debug|Any CPU
		{E6D2117C-CD39-42A4-B7EA-6A62B4CFD130}.Release|Any CPU.ActiveCfg = Release|Any CPU
		{E6D2117C-CD39-42A4-B7EA-6A62B4CFD130}.Release|Any CPU.Build.0 = Release|Any CPU
		{E9BD90C5-5C41-47A6-AA90-B643F44014D7}.Debug|Any CPU.ActiveCfg = Debug|Any CPU
		{E9BD90C5-5C41-47A6-AA90-B643F44014D7}.Debug|Any CPU.Build.0 = Debug|Any CPU
		{E9BD90C5-5C41-47A6-AA90-B643F44014D7}.Release|Any CPU.ActiveCfg = Release|Any CPU
		{E9BD90C5-5C41-47A6-AA90-B643F44014D7}.Release|Any CPU.Build.0 = Release|Any CPU
	EndGlobalSection
	GlobalSection(SolutionProperties) = preSolution
		HideSolutionNode = FALSE
	EndGlobalSection
	GlobalSection(NestedProjects) = preSolution
		{E9BD90C5-5C41-47A6-AA90-B643F44014D7} = {AF46E2B0-6575-49ED-A635-BCF758B5AC7B}
	EndGlobalSection
	GlobalSection(ExtensibilityGlobals) = postSolution
		SolutionGuid = {68A36D4E-8FB0-4B92-B399-1E98F2B8735B}
	EndGlobalSection
EndGlobal
